
Microsoft Visual Studio Solution File, Format Version 12.00
# Visual Studio Version 17
VisualStudioVersion = 17.9.34728.123
MinimumVisualStudioVersion = 10.0.40219.1
Project("{FAE04EC0-301F-11D3-BF4B-00C04F79EFBC}") = "SalesWebMvc", "SalesWebMvc.csproj", "{479F28F3-D2FC-4742-A63A-1443E0D3EFDD}"
EndProject
Global
	GlobalSection(SolutionConfigurationPlatforms) = preSolution
		Debug|Any CPU = Debug|Any CPU
		Release|Any CPU = Release|Any CPU
	EndGlobalSection
	GlobalSection(ProjectConfigurationPlatforms) = postSolution
		{479F28F3-D2FC-4742-A63A-1443E0D3EFDD}.Debug|Any CPU.ActiveCfg = Debug|Any CPU
		{479F28F3-D2FC-4742-A63A-1443E0D3EFDD}.Debug|Any CPU.Build.0 = Debug|Any CPU
		{479F28F3-D2FC-4742-A63A-1443E0D3EFDD}.Release|Any CPU.ActiveCfg = Release|Any CPU
		{479F28F3-D2FC-4742-A63A-1443E0D3EFDD}.Release|Any CPU.Build.0 = Release|Any CPU
	EndGlobalSection
	GlobalSection(SolutionProperties) = preSolution
		HideSolutionNode = FALSE
	EndGlobalSection
	GlobalSection(ExtensibilityGlobals) = postSolution
		SolutionGuid = {97A491C5-C649-48E3-B8BA-AB6C0179A664}
	EndGlobalSection
EndGlobal
